
Microsoft Visual Studio Solution File, Format Version 12.00
# Visual Studio 15
VisualStudioVersion = 15.0.27130.2027
MinimumVisualStudioVersion = 10.0.40219.1
Project("{9A19103F-16F7-4668-BE54-9A1E7A4F7556}") = "GSP.Domain", "GSP.Domain\GSP.Domain.csproj", "{F76F32FE-B028-4985-B664-78E83B0A0D35}"
EndProject
Project("{9A19103F-16F7-4668-BE54-9A1E7A4F7556}") = "GSP.DAL", "GSP.DAL\GSP.DAL.csproj", "{20326C97-9730-408F-9EB7-4D33191FC649}"
EndProject
Project("{9A19103F-16F7-4668-BE54-9A1E7A4F7556}") = "GSP.BLL", "GSP.BLL\GSP.BLL.csproj", "{E48E9965-9E91-4A7A-A359-42EFF69D6F81}"
EndProject
Project("{9A19103F-16F7-4668-BE54-9A1E7A4F7556}") = "GSP.AprioriAlgoritm", "GSP.AprioriAlgoritm\GSP.AprioriAlgoritm.csproj", "{01792557-C69F-45B7-97B4-E26B46A4289D}"
EndProject
Project("{9A19103F-16F7-4668-BE54-9A1E7A4F7556}") = "GSP.SPA", "GSP.SPA\GSP.SPA.csproj", "{023180AB-641A-4030-B333-44FC64FF105F}"
EndProject
Project("{9A19103F-16F7-4668-BE54-9A1E7A4F7556}") = "GSP.DAL.EF", "GSP.DAL.EF\GSP.DAL.EF.csproj", "{37966139-39C3-4ED9-874D-E437854F2873}"
EndProject
Project("{2150E333-8FDC-42A3-9474-1A3956D46DE8}") = "Rulesets", "Rulesets", "{E8A09246-A171-4446-9FE6-EB530A44B7F4}"
	ProjectSection(SolutionItems) = preProject
		Rules.ruleset = Rules.ruleset
	EndProjectSection
EndProject
Project("{2150E333-8FDC-42A3-9474-1A3956D46DE8}") = "Shared", "Shared", "{B87D3777-D9FF-4739-A791-A7D8432C3E30}"
EndProject
Project("{2150E333-8FDC-42A3-9474-1A3956D46DE8}") = "Account", "Account", "{490B1FDA-D2E2-4EAE-A784-C85BE62AAFB1}"
EndProject
Project("{2150E333-8FDC-42A3-9474-1A3956D46DE8}") = "Game", "Game", "{44A38AB9-A418-450A-9477-1653D62F26CF}"
EndProject
Project("{2150E333-8FDC-42A3-9474-1A3956D46DE8}") = "Order", "Order", "{02EBAFA8-63F8-41C5-8816-AE6903031168}"
EndProject
Project("{2150E333-8FDC-42A3-9474-1A3956D46DE8}") = "Payment", "Payment", "{08E60C30-58EC-43E9-BFA8-C4E472D7B616}"
EndProject
Project("{9A19103F-16F7-4668-BE54-9A1E7A4F7556}") = "GSP.DAL", "Shared\GSP.DAL\GSP.DAL.csproj", "{EC6C0077-5F86-4A06-90F5-629C6F3F968A}"
EndProject
Project("{9A19103F-16F7-4668-BE54-9A1E7A4F7556}") = "GSP.DAL.EF", "Shared\GSP.DAL.EF\GSP.DAL.EF.csproj", "{A5DADAA5-A9B0-4EFF-9E74-6001F6A368BA}"
EndProject
Project("{9A19103F-16F7-4668-BE54-9A1E7A4F7556}") = "GSP.Account.DAL", "Account\GSP.Account.DAL\GSP.Account.DAL.csproj", "{1AFE1E91-C57C-43CF-BCB6-3F42522C5F9B}"
EndProject
Project("{9A19103F-16F7-4668-BE54-9A1E7A4F7556}") = "GSP.Account.Domain", "Account\GSP.Account.Domain\GSP.Account.Domain.csproj", "{81A33C25-6910-429D-8DEE-13570E2FC5E1}"
EndProject
Project("{9A19103F-16F7-4668-BE54-9A1E7A4F7556}") = "GSP.Game.Domain", "Game\GSP.Game.Domain\GSP.Game.Domain.csproj", "{9C57A169-0348-42FF-8C4E-D7014FFFBDA8}"
EndProject
Project("{9A19103F-16F7-4668-BE54-9A1E7A4F7556}") = "GSP.Game.DAL", "Game\GSP.Game.DAL\GSP.Game.DAL.csproj", "{BBED9EA8-2501-4CA4-83B4-DDBBD9DFB5AF}"
EndProject
Project("{9A19103F-16F7-4668-BE54-9A1E7A4F7556}") = "GSP.Order.DAL", "Order\GSP.Order.DAL\GSP.Order.DAL.csproj", "{DFA0AAE6-793D-4784-99E9-0C189387CD01}"
EndProject
Project("{9A19103F-16F7-4668-BE54-9A1E7A4F7556}") = "GSP.Order.Domain", "Order\GSP.Order.Domain\GSP.Order.Domain.csproj", "{762E75AA-56E8-4B94-84FD-0939B2FCA184}"
EndProject
Project("{9A19103F-16F7-4668-BE54-9A1E7A4F7556}") = "GSP.Payment.Domain", "Payment\GSP.Payment.Domain\GSP.Payment.Domain.csproj", "{9EC32EE4-27D1-4068-86FD-DCF93A8D742D}"
EndProject
Project("{9A19103F-16F7-4668-BE54-9A1E7A4F7556}") = "GSP.Payment.DAL", "Payment\GSP.Payment.DAL\GSP.Payment.DAL.csproj", "{09F3B3D9-30B1-48F2-ACD4-DB86629EB8DC}"
EndProject
Project("{9A19103F-16F7-4668-BE54-9A1E7A4F7556}") = "GSP.Domain", "Shared\GSP.Domain\GSP.Domain.csproj", "{BA4F0A6B-A75F-442B-8982-F6892E57E721}"
EndProject
Project("{9A19103F-16F7-4668-BE54-9A1E7A4F7556}") = "GSP.Account.DAL.EF", "Account\GSP.Account.DAL.EF\GSP.Account.DAL.EF.csproj", "{B6713902-B349-499A-A161-5A4BBF082A58}"
EndProject
Project("{9A19103F-16F7-4668-BE54-9A1E7A4F7556}") = "GSP.Game.DAL.EF", "Game\GSP.Game.DAL.EF\GSP.Game.DAL.EF.csproj", "{A5801CFC-BB2D-44CE-AFBD-B606BEF7E4A2}"
EndProject
Project("{9A19103F-16F7-4668-BE54-9A1E7A4F7556}") = "GSP.Order.DAL.EF", "Order\GSP.Order.DAL.EF\GSP.Order.DAL.EF.csproj", "{6C057BF9-A0B1-4552-A7E4-4B0652ABB0C6}"
EndProject
Project("{9A19103F-16F7-4668-BE54-9A1E7A4F7556}") = "GSP.Payment.DAL.EF", "Payment\GSP.Payment.DAL.EF\GSP.Payment.DAL.EF.csproj", "{480E78EE-90D7-4179-9A5C-1C7B868865E2}"
EndProject
Project("{9A19103F-16F7-4668-BE54-9A1E7A4F7556}") = "GSP.Account.BLL", "Account\GSP.Account.BLL\GSP.Account.BLL.csproj", "{0D618DC7-D2BC-427A-B634-559CFF13F6A9}"
EndProject
Project("{9A19103F-16F7-4668-BE54-9A1E7A4F7556}") = "GSP.Game.BLL", "Game\GSP.Game.BLL\GSP.Game.BLL.csproj", "{B5FE1F60-CF37-4F20-BC37-431A938BD7BA}"
EndProject
Project("{9A19103F-16F7-4668-BE54-9A1E7A4F7556}") = "GSP.Order.BLL", "Order\GSP.Order.BLL\GSP.Order.BLL.csproj", "{0C9C7390-5E7F-4993-B89D-476BD64A27BF}"
EndProject
Project("{9A19103F-16F7-4668-BE54-9A1E7A4F7556}") = "GSP.Payment.BLL", "Payment\GSP.Payment.BLL\GSP.Payment.BLL.csproj", "{71703F0A-0AC4-44EF-A38B-76BCCD3D9838}"
EndProject
Project("{2150E333-8FDC-42A3-9474-1A3956D46DE8}") = "Rate", "Rate", "{441A662A-3545-40E8-9EB6-0FA2C28D6607}"
EndProject
Project("{9A19103F-16F7-4668-BE54-9A1E7A4F7556}") = "GSP.Rate.Domain", "Rate\GSP.Rate.Domain\GSP.Rate.Domain.csproj", "{92640976-4C94-4B31-8994-9281E549EE95}"
EndProject
Project("{9A19103F-16F7-4668-BE54-9A1E7A4F7556}") = "GSP.Rate.DAL.EF", "Rate\GSP.Rate.DAL.EF\GSP.Rate.DAL.EF.csproj", "{D4128E14-5662-472F-B206-97E6D696B28A}"
EndProject
Project("{9A19103F-16F7-4668-BE54-9A1E7A4F7556}") = "GSP.Rate.DAL", "Rate\GSP.Rate.DAL\GSP.Rate.DAL.csproj", "{E62BDD12-4B4B-4501-95EB-E60852428B33}"
EndProject
Project("{9A19103F-16F7-4668-BE54-9A1E7A4F7556}") = "GSP.Rate.BLL", "Rate\GSP.Rate.BLL\GSP.Rate.BLL.csproj", "{51E11B8E-2121-48A5-B36B-B2F502F598A2}"
EndProject
Project("{9A19103F-16F7-4668-BE54-9A1E7A4F7556}") = "GSP.Account.WebApi", "Account\GSP.Account.WebApi\GSP.Account.WebApi.csproj", "{36ED0E51-4868-4A78-9E53-38C290E0A752}"
EndProject
Project("{9A19103F-16F7-4668-BE54-9A1E7A4F7556}") = "GSP.Game.WebApi", "Game\GSP.Game.WebApi\GSP.Game.WebApi.csproj", "{CE59D8C8-5524-4B8A-BA4D-F976F67DD730}"
EndProject
Project("{9A19103F-16F7-4668-BE54-9A1E7A4F7556}") = "GSP.Order.WebApi", "Order\GSP.Order.WebApi\GSP.Order.WebApi.csproj", "{D1ABAD7C-4EB2-4610-86DC-C0D06251AD38}"
EndProject
Project("{9A19103F-16F7-4668-BE54-9A1E7A4F7556}") = "GSP.Payment.WebApi", "Payment\GSP.Payment.WebApi\GSP.Payment.WebApi.csproj", "{1B70433E-8DD0-4586-B795-D9B64458E490}"
EndProject
Project("{9A19103F-16F7-4668-BE54-9A1E7A4F7556}") = "GSP.Rate.WebApi", "Rate\GSP.Rate.WebApi\GSP.Rate.WebApi.csproj", "{F6536B17-0219-41BD-BA7B-33924B498BCA}"
EndProject
Project("{9A19103F-16F7-4668-BE54-9A1E7A4F7556}") = "GSP.WebApi", "Shared\GSP.WebApi\GSP.WebApi.csproj", "{A00B8BD4-E822-4B4C-8A6B-F3489708B399}"
EndProject
Project("{9A19103F-16F7-4668-BE54-9A1E7A4F7556}") = "GSP.BLL", "Shared\GSP.BLL\GSP.BLL.csproj", "{06CFD575-4EC0-4421-8BDF-AB52F6686B05}"
EndProject
Project("{2150E333-8FDC-42A3-9474-1A3956D46DE8}") = "_Old", "_Old", "{AB826B93-55EB-4623-A024-01F0C9D8B2E8}"
EndProject
Global
	GlobalSection(SolutionConfigurationPlatforms) = preSolution
		Debug|Any CPU = Debug|Any CPU
		Release|Any CPU = Release|Any CPU
	EndGlobalSection
	GlobalSection(ProjectConfigurationPlatforms) = postSolution
		{F76F32FE-B028-4985-B664-78E83B0A0D35}.Debug|Any CPU.ActiveCfg = Debug|Any CPU
		{F76F32FE-B028-4985-B664-78E83B0A0D35}.Debug|Any CPU.Build.0 = Debug|Any CPU
		{F76F32FE-B028-4985-B664-78E83B0A0D35}.Release|Any CPU.ActiveCfg = Release|Any CPU
		{F76F32FE-B028-4985-B664-78E83B0A0D35}.Release|Any CPU.Build.0 = Release|Any CPU
		{20326C97-9730-408F-9EB7-4D33191FC649}.Debug|Any CPU.ActiveCfg = Debug|Any CPU
		{20326C97-9730-408F-9EB7-4D33191FC649}.Debug|Any CPU.Build.0 = Debug|Any CPU
		{20326C97-9730-408F-9EB7-4D33191FC649}.Release|Any CPU.ActiveCfg = Release|Any CPU
		{20326C97-9730-408F-9EB7-4D33191FC649}.Release|Any CPU.Build.0 = Release|Any CPU
		{E48E9965-9E91-4A7A-A359-42EFF69D6F81}.Debug|Any CPU.ActiveCfg = Debug|Any CPU
		{E48E9965-9E91-4A7A-A359-42EFF69D6F81}.Debug|Any CPU.Build.0 = Debug|Any CPU
		{E48E9965-9E91-4A7A-A359-42EFF69D6F81}.Release|Any CPU.ActiveCfg = Release|Any CPU
		{E48E9965-9E91-4A7A-A359-42EFF69D6F81}.Release|Any CPU.Build.0 = Release|Any CPU
		{01792557-C69F-45B7-97B4-E26B46A4289D}.Debug|Any CPU.ActiveCfg = Debug|Any CPU
		{01792557-C69F-45B7-97B4-E26B46A4289D}.Debug|Any CPU.Build.0 = Debug|Any CPU
		{01792557-C69F-45B7-97B4-E26B46A4289D}.Release|Any CPU.ActiveCfg = Release|Any CPU
		{01792557-C69F-45B7-97B4-E26B46A4289D}.Release|Any CPU.Build.0 = Release|Any CPU
		{023180AB-641A-4030-B333-44FC64FF105F}.Debug|Any CPU.ActiveCfg = Debug|Any CPU
		{023180AB-641A-4030-B333-44FC64FF105F}.Debug|Any CPU.Build.0 = Debug|Any CPU
		{023180AB-641A-4030-B333-44FC64FF105F}.Release|Any CPU.ActiveCfg = Release|Any CPU
		{023180AB-641A-4030-B333-44FC64FF105F}.Release|Any CPU.Build.0 = Release|Any CPU
		{37966139-39C3-4ED9-874D-E437854F2873}.Debug|Any CPU.ActiveCfg = Debug|Any CPU
		{37966139-39C3-4ED9-874D-E437854F2873}.Debug|Any CPU.Build.0 = Debug|Any CPU
		{37966139-39C3-4ED9-874D-E437854F2873}.Release|Any CPU.ActiveCfg = Release|Any CPU
		{37966139-39C3-4ED9-874D-E437854F2873}.Release|Any CPU.Build.0 = Release|Any CPU
		{EC6C0077-5F86-4A06-90F5-629C6F3F968A}.Debug|Any CPU.ActiveCfg = Debug|Any CPU
		{EC6C0077-5F86-4A06-90F5-629C6F3F968A}.Debug|Any CPU.Build.0 = Debug|Any CPU
		{EC6C0077-5F86-4A06-90F5-629C6F3F968A}.Release|Any CPU.ActiveCfg = Release|Any CPU
		{EC6C0077-5F86-4A06-90F5-629C6F3F968A}.Release|Any CPU.Build.0 = Release|Any CPU
		{A5DADAA5-A9B0-4EFF-9E74-6001F6A368BA}.Debug|Any CPU.ActiveCfg = Debug|Any CPU
		{A5DADAA5-A9B0-4EFF-9E74-6001F6A368BA}.Debug|Any CPU.Build.0 = Debug|Any CPU
		{A5DADAA5-A9B0-4EFF-9E74-6001F6A368BA}.Release|Any CPU.ActiveCfg = Release|Any CPU
		{A5DADAA5-A9B0-4EFF-9E74-6001F6A368BA}.Release|Any CPU.Build.0 = Release|Any CPU
		{1AFE1E91-C57C-43CF-BCB6-3F42522C5F9B}.Debug|Any CPU.ActiveCfg = Debug|Any CPU
		{1AFE1E91-C57C-43CF-BCB6-3F42522C5F9B}.Debug|Any CPU.Build.0 = Debug|Any CPU
		{1AFE1E91-C57C-43CF-BCB6-3F42522C5F9B}.Release|Any CPU.ActiveCfg = Release|Any CPU
		{1AFE1E91-C57C-43CF-BCB6-3F42522C5F9B}.Release|Any CPU.Build.0 = Release|Any CPU
		{81A33C25-6910-429D-8DEE-13570E2FC5E1}.Debug|Any CPU.ActiveCfg = Debug|Any CPU
		{81A33C25-6910-429D-8DEE-13570E2FC5E1}.Debug|Any CPU.Build.0 = Debug|Any CPU
		{81A33C25-6910-429D-8DEE-13570E2FC5E1}.Release|Any CPU.ActiveCfg = Release|Any CPU
		{81A33C25-6910-429D-8DEE-13570E2FC5E1}.Release|Any CPU.Build.0 = Release|Any CPU
		{9C57A169-0348-42FF-8C4E-D7014FFFBDA8}.Debug|Any CPU.ActiveCfg = Debug|Any CPU
		{9C57A169-0348-42FF-8C4E-D7014FFFBDA8}.Debug|Any CPU.Build.0 = Debug|Any CPU
		{9C57A169-0348-42FF-8C4E-D7014FFFBDA8}.Release|Any CPU.ActiveCfg = Release|Any CPU
		{9C57A169-0348-42FF-8C4E-D7014FFFBDA8}.Release|Any CPU.Build.0 = Release|Any CPU
		{BBED9EA8-2501-4CA4-83B4-DDBBD9DFB5AF}.Debug|Any CPU.ActiveCfg = Debug|Any CPU
		{BBED9EA8-2501-4CA4-83B4-DDBBD9DFB5AF}.Debug|Any CPU.Build.0 = Debug|Any CPU
		{BBED9EA8-2501-4CA4-83B4-DDBBD9DFB5AF}.Release|Any CPU.ActiveCfg = Release|Any CPU
		{BBED9EA8-2501-4CA4-83B4-DDBBD9DFB5AF}.Release|Any CPU.Build.0 = Release|Any CPU
		{DFA0AAE6-793D-4784-99E9-0C189387CD01}.Debug|Any CPU.ActiveCfg = Debug|Any CPU
		{DFA0AAE6-793D-4784-99E9-0C189387CD01}.Debug|Any CPU.Build.0 = Debug|Any CPU
		{DFA0AAE6-793D-4784-99E9-0C189387CD01}.Release|Any CPU.ActiveCfg = Release|Any CPU
		{DFA0AAE6-793D-4784-99E9-0C189387CD01}.Release|Any CPU.Build.0 = Release|Any CPU
		{762E75AA-56E8-4B94-84FD-0939B2FCA184}.Debug|Any CPU.ActiveCfg = Debug|Any CPU
		{762E75AA-56E8-4B94-84FD-0939B2FCA184}.Debug|Any CPU.Build.0 = Debug|Any CPU
		{762E75AA-56E8-4B94-84FD-0939B2FCA184}.Release|Any CPU.ActiveCfg = Release|Any CPU
		{762E75AA-56E8-4B94-84FD-0939B2FCA184}.Release|Any CPU.Build.0 = Release|Any CPU
		{9EC32EE4-27D1-4068-86FD-DCF93A8D742D}.Debug|Any CPU.ActiveCfg = Debug|Any CPU
		{9EC32EE4-27D1-4068-86FD-DCF93A8D742D}.Debug|Any CPU.Build.0 = Debug|Any CPU
		{9EC32EE4-27D1-4068-86FD-DCF93A8D742D}.Release|Any CPU.ActiveCfg = Release|Any CPU
		{9EC32EE4-27D1-4068-86FD-DCF93A8D742D}.Release|Any CPU.Build.0 = Release|Any CPU
		{09F3B3D9-30B1-48F2-ACD4-DB86629EB8DC}.Debug|Any CPU.ActiveCfg = Debug|Any CPU
		{09F3B3D9-30B1-48F2-ACD4-DB86629EB8DC}.Debug|Any CPU.Build.0 = Debug|Any CPU
		{09F3B3D9-30B1-48F2-ACD4-DB86629EB8DC}.Release|Any CPU.ActiveCfg = Release|Any CPU
		{09F3B3D9-30B1-48F2-ACD4-DB86629EB8DC}.Release|Any CPU.Build.0 = Release|Any CPU
		{BA4F0A6B-A75F-442B-8982-F6892E57E721}.Debug|Any CPU.ActiveCfg = Debug|Any CPU
		{BA4F0A6B-A75F-442B-8982-F6892E57E721}.Debug|Any CPU.Build.0 = Debug|Any CPU
		{BA4F0A6B-A75F-442B-8982-F6892E57E721}.Release|Any CPU.ActiveCfg = Release|Any CPU
		{BA4F0A6B-A75F-442B-8982-F6892E57E721}.Release|Any CPU.Build.0 = Release|Any CPU
		{B6713902-B349-499A-A161-5A4BBF082A58}.Debug|Any CPU.ActiveCfg = Debug|Any CPU
		{B6713902-B349-499A-A161-5A4BBF082A58}.Debug|Any CPU.Build.0 = Debug|Any CPU
		{B6713902-B349-499A-A161-5A4BBF082A58}.Release|Any CPU.ActiveCfg = Release|Any CPU
		{B6713902-B349-499A-A161-5A4BBF082A58}.Release|Any CPU.Build.0 = Release|Any CPU
		{A5801CFC-BB2D-44CE-AFBD-B606BEF7E4A2}.Debug|Any CPU.ActiveCfg = Debug|Any CPU
		{A5801CFC-BB2D-44CE-AFBD-B606BEF7E4A2}.Debug|Any CPU.Build.0 = Debug|Any CPU
		{A5801CFC-BB2D-44CE-AFBD-B606BEF7E4A2}.Release|Any CPU.ActiveCfg = Release|Any CPU
		{A5801CFC-BB2D-44CE-AFBD-B606BEF7E4A2}.Release|Any CPU.Build.0 = Release|Any CPU
		{6C057BF9-A0B1-4552-A7E4-4B0652ABB0C6}.Debug|Any CPU.ActiveCfg = Debug|Any CPU
		{6C057BF9-A0B1-4552-A7E4-4B0652ABB0C6}.Debug|Any CPU.Build.0 = Debug|Any CPU
		{6C057BF9-A0B1-4552-A7E4-4B0652ABB0C6}.Release|Any CPU.ActiveCfg = Release|Any CPU
		{6C057BF9-A0B1-4552-A7E4-4B0652ABB0C6}.Release|Any CPU.Build.0 = Release|Any CPU
		{480E78EE-90D7-4179-9A5C-1C7B868865E2}.Debug|Any CPU.ActiveCfg = Debug|Any CPU
		{480E78EE-90D7-4179-9A5C-1C7B868865E2}.Debug|Any CPU.Build.0 = Debug|Any CPU
		{480E78EE-90D7-4179-9A5C-1C7B868865E2}.Release|Any CPU.ActiveCfg = Release|Any CPU
		{480E78EE-90D7-4179-9A5C-1C7B868865E2}.Release|Any CPU.Build.0 = Release|Any CPU
		{0D618DC7-D2BC-427A-B634-559CFF13F6A9}.Debug|Any CPU.ActiveCfg = Debug|Any CPU
		{0D618DC7-D2BC-427A-B634-559CFF13F6A9}.Debug|Any CPU.Build.0 = Debug|Any CPU
		{0D618DC7-D2BC-427A-B634-559CFF13F6A9}.Release|Any CPU.ActiveCfg = Release|Any CPU
		{0D618DC7-D2BC-427A-B634-559CFF13F6A9}.Release|Any CPU.Build.0 = Release|Any CPU
		{B5FE1F60-CF37-4F20-BC37-431A938BD7BA}.Debug|Any CPU.ActiveCfg = Debug|Any CPU
		{B5FE1F60-CF37-4F20-BC37-431A938BD7BA}.Debug|Any CPU.Build.0 = Debug|Any CPU
		{B5FE1F60-CF37-4F20-BC37-431A938BD7BA}.Release|Any CPU.ActiveCfg = Release|Any CPU
		{B5FE1F60-CF37-4F20-BC37-431A938BD7BA}.Release|Any CPU.Build.0 = Release|Any CPU
		{0C9C7390-5E7F-4993-B89D-476BD64A27BF}.Debug|Any CPU.ActiveCfg = Debug|Any CPU
		{0C9C7390-5E7F-4993-B89D-476BD64A27BF}.Debug|Any CPU.Build.0 = Debug|Any CPU
		{0C9C7390-5E7F-4993-B89D-476BD64A27BF}.Release|Any CPU.ActiveCfg = Release|Any CPU
		{0C9C7390-5E7F-4993-B89D-476BD64A27BF}.Release|Any CPU.Build.0 = Release|Any CPU
		{71703F0A-0AC4-44EF-A38B-76BCCD3D9838}.Debug|Any CPU.ActiveCfg = Debug|Any CPU
		{71703F0A-0AC4-44EF-A38B-76BCCD3D9838}.Debug|Any CPU.Build.0 = Debug|Any CPU
		{71703F0A-0AC4-44EF-A38B-76BCCD3D9838}.Release|Any CPU.ActiveCfg = Release|Any CPU
		{71703F0A-0AC4-44EF-A38B-76BCCD3D9838}.Release|Any CPU.Build.0 = Release|Any CPU
		{92640976-4C94-4B31-8994-9281E549EE95}.Debug|Any CPU.ActiveCfg = Debug|Any CPU
		{92640976-4C94-4B31-8994-9281E549EE95}.Debug|Any CPU.Build.0 = Debug|Any CPU
		{92640976-4C94-4B31-8994-9281E549EE95}.Release|Any CPU.ActiveCfg = Release|Any CPU
		{92640976-4C94-4B31-8994-9281E549EE95}.Release|Any CPU.Build.0 = Release|Any CPU
		{D4128E14-5662-472F-B206-97E6D696B28A}.Debug|Any CPU.ActiveCfg = Debug|Any CPU
		{D4128E14-5662-472F-B206-97E6D696B28A}.Debug|Any CPU.Build.0 = Debug|Any CPU
		{D4128E14-5662-472F-B206-97E6D696B28A}.Release|Any CPU.ActiveCfg = Release|Any CPU
		{D4128E14-5662-472F-B206-97E6D696B28A}.Release|Any CPU.Build.0 = Release|Any CPU
		{E62BDD12-4B4B-4501-95EB-E60852428B33}.Debug|Any CPU.ActiveCfg = Debug|Any CPU
		{E62BDD12-4B4B-4501-95EB-E60852428B33}.Debug|Any CPU.Build.0 = Debug|Any CPU
		{E62BDD12-4B4B-4501-95EB-E60852428B33}.Release|Any CPU.ActiveCfg = Release|Any CPU
		{E62BDD12-4B4B-4501-95EB-E60852428B33}.Release|Any CPU.Build.0 = Release|Any CPU
		{51E11B8E-2121-48A5-B36B-B2F502F598A2}.Debug|Any CPU.ActiveCfg = Debug|Any CPU
		{51E11B8E-2121-48A5-B36B-B2F502F598A2}.Debug|Any CPU.Build.0 = Debug|Any CPU
		{51E11B8E-2121-48A5-B36B-B2F502F598A2}.Release|Any CPU.ActiveCfg = Release|Any CPU
		{51E11B8E-2121-48A5-B36B-B2F502F598A2}.Release|Any CPU.Build.0 = Release|Any CPU
		{36ED0E51-4868-4A78-9E53-38C290E0A752}.Debug|Any CPU.ActiveCfg = Debug|Any CPU
		{36ED0E51-4868-4A78-9E53-38C290E0A752}.Debug|Any CPU.Build.0 = Debug|Any CPU
		{36ED0E51-4868-4A78-9E53-38C290E0A752}.Release|Any CPU.ActiveCfg = Release|Any CPU
		{36ED0E51-4868-4A78-9E53-38C290E0A752}.Release|Any CPU.Build.0 = Release|Any CPU
		{CE59D8C8-5524-4B8A-BA4D-F976F67DD730}.Debug|Any CPU.ActiveCfg = Debug|Any CPU
		{CE59D8C8-5524-4B8A-BA4D-F976F67DD730}.Debug|Any CPU.Build.0 = Debug|Any CPU
		{CE59D8C8-5524-4B8A-BA4D-F976F67DD730}.Release|Any CPU.ActiveCfg = Release|Any CPU
		{CE59D8C8-5524-4B8A-BA4D-F976F67DD730}.Release|Any CPU.Build.0 = Release|Any CPU
		{D1ABAD7C-4EB2-4610-86DC-C0D06251AD38}.Debug|Any CPU.ActiveCfg = Debug|Any CPU
		{D1ABAD7C-4EB2-4610-86DC-C0D06251AD38}.Debug|Any CPU.Build.0 = Debug|Any CPU
		{D1ABAD7C-4EB2-4610-86DC-C0D06251AD38}.Release|Any CPU.ActiveCfg = Release|Any CPU
		{D1ABAD7C-4EB2-4610-86DC-C0D06251AD38}.Release|Any CPU.Build.0 = Release|Any CPU
		{1B70433E-8DD0-4586-B795-D9B64458E490}.Debug|Any CPU.ActiveCfg = Debug|Any CPU
		{1B70433E-8DD0-4586-B795-D9B64458E490}.Debug|Any CPU.Build.0 = Debug|Any CPU
		{1B70433E-8DD0-4586-B795-D9B64458E490}.Release|Any CPU.ActiveCfg = Release|Any CPU
		{1B70433E-8DD0-4586-B795-D9B64458E490}.Release|Any CPU.Build.0 = Release|Any CPU
		{F6536B17-0219-41BD-BA7B-33924B498BCA}.Debug|Any CPU.ActiveCfg = Debug|Any CPU
		{F6536B17-0219-41BD-BA7B-33924B498BCA}.Debug|Any CPU.Build.0 = Debug|Any CPU
		{F6536B17-0219-41BD-BA7B-33924B498BCA}.Release|Any CPU.ActiveCfg = Release|Any CPU
		{F6536B17-0219-41BD-BA7B-33924B498BCA}.Release|Any CPU.Build.0 = Release|Any CPU
		{A00B8BD4-E822-4B4C-8A6B-F3489708B399}.Debug|Any CPU.ActiveCfg = Debug|Any CPU
		{A00B8BD4-E822-4B4C-8A6B-F3489708B399}.Debug|Any CPU.Build.0 = Debug|Any CPU
		{A00B8BD4-E822-4B4C-8A6B-F3489708B399}.Release|Any CPU.ActiveCfg = Release|Any CPU
		{A00B8BD4-E822-4B4C-8A6B-F3489708B399}.Release|Any CPU.Build.0 = Release|Any CPU
		{06CFD575-4EC0-4421-8BDF-AB52F6686B05}.Debug|Any CPU.ActiveCfg = Debug|Any CPU
		{06CFD575-4EC0-4421-8BDF-AB52F6686B05}.Debug|Any CPU.Build.0 = Debug|Any CPU
		{06CFD575-4EC0-4421-8BDF-AB52F6686B05}.Release|Any CPU.ActiveCfg = Release|Any CPU
		{06CFD575-4EC0-4421-8BDF-AB52F6686B05}.Release|Any CPU.Build.0 = Release|Any CPU
	EndGlobalSection
	GlobalSection(SolutionProperties) = preSolution
		HideSolutionNode = FALSE
	EndGlobalSection
	GlobalSection(NestedProjects) = preSolution
		{F76F32FE-B028-4985-B664-78E83B0A0D35} = {AB826B93-55EB-4623-A024-01F0C9D8B2E8}
		{20326C97-9730-408F-9EB7-4D33191FC649} = {AB826B93-55EB-4623-A024-01F0C9D8B2E8}
		{E48E9965-9E91-4A7A-A359-42EFF69D6F81} = {AB826B93-55EB-4623-A024-01F0C9D8B2E8}
		{01792557-C69F-45B7-97B4-E26B46A4289D} = {AB826B93-55EB-4623-A024-01F0C9D8B2E8}
		{023180AB-641A-4030-B333-44FC64FF105F} = {AB826B93-55EB-4623-A024-01F0C9D8B2E8}
		{37966139-39C3-4ED9-874D-E437854F2873} = {AB826B93-55EB-4623-A024-01F0C9D8B2E8}
		{EC6C0077-5F86-4A06-90F5-629C6F3F968A} = {B87D3777-D9FF-4739-A791-A7D8432C3E30}
		{A5DADAA5-A9B0-4EFF-9E74-6001F6A368BA} = {B87D3777-D9FF-4739-A791-A7D8432C3E30}
		{1AFE1E91-C57C-43CF-BCB6-3F42522C5F9B} = {490B1FDA-D2E2-4EAE-A784-C85BE62AAFB1}
		{81A33C25-6910-429D-8DEE-13570E2FC5E1} = {490B1FDA-D2E2-4EAE-A784-C85BE62AAFB1}
		{9C57A169-0348-42FF-8C4E-D7014FFFBDA8} = {44A38AB9-A418-450A-9477-1653D62F26CF}
		{BBED9EA8-2501-4CA4-83B4-DDBBD9DFB5AF} = {44A38AB9-A418-450A-9477-1653D62F26CF}
		{DFA0AAE6-793D-4784-99E9-0C189387CD01} = {02EBAFA8-63F8-41C5-8816-AE6903031168}
		{762E75AA-56E8-4B94-84FD-0939B2FCA184} = {02EBAFA8-63F8-41C5-8816-AE6903031168}
		{9EC32EE4-27D1-4068-86FD-DCF93A8D742D} = {08E60C30-58EC-43E9-BFA8-C4E472D7B616}
		{09F3B3D9-30B1-48F2-ACD4-DB86629EB8DC} = {08E60C30-58EC-43E9-BFA8-C4E472D7B616}
		{BA4F0A6B-A75F-442B-8982-F6892E57E721} = {B87D3777-D9FF-4739-A791-A7D8432C3E30}
		{B6713902-B349-499A-A161-5A4BBF082A58} = {490B1FDA-D2E2-4EAE-A784-C85BE62AAFB1}
		{A5801CFC-BB2D-44CE-AFBD-B606BEF7E4A2} = {44A38AB9-A418-450A-9477-1653D62F26CF}
		{6C057BF9-A0B1-4552-A7E4-4B0652ABB0C6} = {02EBAFA8-63F8-41C5-8816-AE6903031168}
		{480E78EE-90D7-4179-9A5C-1C7B868865E2} = {08E60C30-58EC-43E9-BFA8-C4E472D7B616}
		{0D618DC7-D2BC-427A-B634-559CFF13F6A9} = {490B1FDA-D2E2-4EAE-A784-C85BE62AAFB1}
		{B5FE1F60-CF37-4F20-BC37-431A938BD7BA} = {44A38AB9-A418-450A-9477-1653D62F26CF}
		{0C9C7390-5E7F-4993-B89D-476BD64A27BF} = {02EBAFA8-63F8-41C5-8816-AE6903031168}
		{71703F0A-0AC4-44EF-A38B-76BCCD3D9838} = {08E60C30-58EC-43E9-BFA8-C4E472D7B616}
		{92640976-4C94-4B31-8994-9281E549EE95} = {441A662A-3545-40E8-9EB6-0FA2C28D6607}
		{D4128E14-5662-472F-B206-97E6D696B28A} = {441A662A-3545-40E8-9EB6-0FA2C28D6607}
		{E62BDD12-4B4B-4501-95EB-E60852428B33} = {441A662A-3545-40E8-9EB6-0FA2C28D6607}
		{51E11B8E-2121-48A5-B36B-B2F502F598A2} = {441A662A-3545-40E8-9EB6-0FA2C28D6607}
		{36ED0E51-4868-4A78-9E53-38C290E0A752} = {490B1FDA-D2E2-4EAE-A784-C85BE62AAFB1}
		{CE59D8C8-5524-4B8A-BA4D-F976F67DD730} = {44A38AB9-A418-450A-9477-1653D62F26CF}
		{D1ABAD7C-4EB2-4610-86DC-C0D06251AD38} = {02EBAFA8-63F8-41C5-8816-AE6903031168}
		{1B70433E-8DD0-4586-B795-D9B64458E490} = {08E60C30-58EC-43E9-BFA8-C4E472D7B616}
		{F6536B17-0219-41BD-BA7B-33924B498BCA} = {441A662A-3545-40E8-9EB6-0FA2C28D6607}
		{A00B8BD4-E822-4B4C-8A6B-F3489708B399} = {B87D3777-D9FF-4739-A791-A7D8432C3E30}
		{06CFD575-4EC0-4421-8BDF-AB52F6686B05} = {B87D3777-D9FF-4739-A791-A7D8432C3E30}
	EndGlobalSection
	GlobalSection(ExtensibilityGlobals) = postSolution
		SolutionGuid = {22EA57CB-5466-4A6E-9A7C-034A6F5E5476}
	EndGlobalSection
EndGlobal
