
Microsoft Visual Studio Solution File, Format Version 12.00
# Visual Studio 15
VisualStudioVersion = 15.0.27130.2027
MinimumVisualStudioVersion = 10.0.40219.1
Project("{2150E333-8FDC-42A3-9474-1A3956D46DE8}") = "1. Domain", "1. Domain", "{2068A070-15EB-4DDD-B858-7F0DA5F5AAD5}"
EndProject
Project("{2150E333-8FDC-42A3-9474-1A3956D46DE8}") = "2. Data Access Layer", "2. Data Access Layer", "{2EB1E36E-A601-41D0-835E-5D945F39C908}"
EndProject
Project("{2150E333-8FDC-42A3-9474-1A3956D46DE8}") = "3. Business Layer", "3. Business Layer", "{A7B2D8FC-1A96-4360-9FD5-3D58C7FDC866}"
EndProject
Project("{2150E333-8FDC-42A3-9474-1A3956D46DE8}") = "4. Presentation", "4. Presentation", "{6858F405-4174-4043-A83D-37A461038576}"
EndProject
Project("{9A19103F-16F7-4668-BE54-9A1E7A4F7556}") = "GSP.Domain", "GSP.Domain\GSP.Domain.csproj", "{F76F32FE-B028-4985-B664-78E83B0A0D35}"
EndProject
Project("{9A19103F-16F7-4668-BE54-9A1E7A4F7556}") = "GSP.DAL", "GSP.DAL\GSP.DAL.csproj", "{20326C97-9730-408F-9EB7-4D33191FC649}"
EndProject
Project("{9A19103F-16F7-4668-BE54-9A1E7A4F7556}") = "GSP.BLL", "GSP.BLL\GSP.BLL.csproj", "{E48E9965-9E91-4A7A-A359-42EFF69D6F81}"
EndProject
Project("{2150E333-8FDC-42A3-9474-1A3956D46DE8}") = "5. Extenctions", "5. Extenctions", "{1EF5AB92-589E-4807-BC62-228FAF6FA6F3}"
EndProject
Project("{9A19103F-16F7-4668-BE54-9A1E7A4F7556}") = "GSP.AprioriAlgoritm", "GSP.AprioriAlgoritm\GSP.AprioriAlgoritm.csproj", "{01792557-C69F-45B7-97B4-E26B46A4289D}"
EndProject
Project("{9A19103F-16F7-4668-BE54-9A1E7A4F7556}") = "GSP.SPA", "GSP.SPA\GSP.SPA.csproj", "{023180AB-641A-4030-B333-44FC64FF105F}"
EndProject
Project("{FAE04EC0-301F-11D3-BF4B-00C04F79EFBC}") = "GSP.DAL.EF", "GSP.DAL.EF\GSP.DAL.EF.csproj", "{37966139-39C3-4ED9-874D-E437854F2873}"
EndProject
Global
	GlobalSection(SolutionConfigurationPlatforms) = preSolution
		Debug|Any CPU = Debug|Any CPU
		Release|Any CPU = Release|Any CPU
	EndGlobalSection
	GlobalSection(ProjectConfigurationPlatforms) = postSolution
		{F76F32FE-B028-4985-B664-78E83B0A0D35}.Debug|Any CPU.ActiveCfg = Debug|Any CPU
		{F76F32FE-B028-4985-B664-78E83B0A0D35}.Debug|Any CPU.Build.0 = Debug|Any CPU
		{F76F32FE-B028-4985-B664-78E83B0A0D35}.Release|Any CPU.ActiveCfg = Release|Any CPU
		{F76F32FE-B028-4985-B664-78E83B0A0D35}.Release|Any CPU.Build.0 = Release|Any CPU
		{20326C97-9730-408F-9EB7-4D33191FC649}.Debug|Any CPU.ActiveCfg = Debug|Any CPU
		{20326C97-9730-408F-9EB7-4D33191FC649}.Debug|Any CPU.Build.0 = Debug|Any CPU
		{20326C97-9730-408F-9EB7-4D33191FC649}.Release|Any CPU.ActiveCfg = Release|Any CPU
		{20326C97-9730-408F-9EB7-4D33191FC649}.Release|Any CPU.Build.0 = Release|Any CPU
		{E48E9965-9E91-4A7A-A359-42EFF69D6F81}.Debug|Any CPU.ActiveCfg = Debug|Any CPU
		{E48E9965-9E91-4A7A-A359-42EFF69D6F81}.Debug|Any CPU.Build.0 = Debug|Any CPU
		{E48E9965-9E91-4A7A-A359-42EFF69D6F81}.Release|Any CPU.ActiveCfg = Release|Any CPU
		{E48E9965-9E91-4A7A-A359-42EFF69D6F81}.Release|Any CPU.Build.0 = Release|Any CPU
		{01792557-C69F-45B7-97B4-E26B46A4289D}.Debug|Any CPU.ActiveCfg = Debug|Any CPU
		{01792557-C69F-45B7-97B4-E26B46A4289D}.Debug|Any CPU.Build.0 = Debug|Any CPU
		{01792557-C69F-45B7-97B4-E26B46A4289D}.Release|Any CPU.ActiveCfg = Release|Any CPU
		{01792557-C69F-45B7-97B4-E26B46A4289D}.Release|Any CPU.Build.0 = Release|Any CPU
		{023180AB-641A-4030-B333-44FC64FF105F}.Debug|Any CPU.ActiveCfg = Debug|Any CPU
		{023180AB-641A-4030-B333-44FC64FF105F}.Debug|Any CPU.Build.0 = Debug|Any CPU
		{023180AB-641A-4030-B333-44FC64FF105F}.Release|Any CPU.ActiveCfg = Release|Any CPU
		{023180AB-641A-4030-B333-44FC64FF105F}.Release|Any CPU.Build.0 = Release|Any CPU
		{37966139-39C3-4ED9-874D-E437854F2873}.Debug|Any CPU.ActiveCfg = Debug|Any CPU
		{37966139-39C3-4ED9-874D-E437854F2873}.Debug|Any CPU.Build.0 = Debug|Any CPU
		{37966139-39C3-4ED9-874D-E437854F2873}.Release|Any CPU.ActiveCfg = Release|Any CPU
		{37966139-39C3-4ED9-874D-E437854F2873}.Release|Any CPU.Build.0 = Release|Any CPU
	EndGlobalSection
	GlobalSection(SolutionProperties) = preSolution
		HideSolutionNode = FALSE
	EndGlobalSection
	GlobalSection(NestedProjects) = preSolution
		{F76F32FE-B028-4985-B664-78E83B0A0D35} = {2068A070-15EB-4DDD-B858-7F0DA5F5AAD5}
		{20326C97-9730-408F-9EB7-4D33191FC649} = {2EB1E36E-A601-41D0-835E-5D945F39C908}
		{E48E9965-9E91-4A7A-A359-42EFF69D6F81} = {A7B2D8FC-1A96-4360-9FD5-3D58C7FDC866}
		{01792557-C69F-45B7-97B4-E26B46A4289D} = {1EF5AB92-589E-4807-BC62-228FAF6FA6F3}
		{023180AB-641A-4030-B333-44FC64FF105F} = {6858F405-4174-4043-A83D-37A461038576}
		{37966139-39C3-4ED9-874D-E437854F2873} = {2EB1E36E-A601-41D0-835E-5D945F39C908}
	EndGlobalSection
	GlobalSection(ExtensibilityGlobals) = postSolution
		SolutionGuid = {22EA57CB-5466-4A6E-9A7C-034A6F5E5476}
	EndGlobalSection
EndGlobal
