
Microsoft Visual Studio Solution File, Format Version 12.00
# Visual Studio 15
VisualStudioVersion = 15.0.27130.2003
MinimumVisualStudioVersion = 10.0.40219.1
Project("{2150E333-8FDC-42A3-9474-1A3956D46DE8}") = "6. Extenctions", "6. Extenctions", "{1EF5AB92-589E-4807-BC62-228FAF6FA6F3}"
EndProject
Project("{2150E333-8FDC-42A3-9474-1A3956D46DE8}") = "2. Account Service", "2. Account Service", "{DB087358-1E7C-41C5-8805-7204D8FAC132}"
EndProject
Project("{2150E333-8FDC-42A3-9474-1A3956D46DE8}") = "3. Game Service", "3. Game Service", "{0E0A65F5-DF5C-403E-964E-BBDA182CD2D6}"
EndProject
Project("{2150E333-8FDC-42A3-9474-1A3956D46DE8}") = "4. Order Service", "4. Order Service", "{61CD8A7F-2D29-4944-B9BD-ACC32ED7DB5F}"
EndProject
Project("{2150E333-8FDC-42A3-9474-1A3956D46DE8}") = "1. Common", "1. Common", "{C9949E16-96C4-4D98-AC4C-9E798231A3A0}"
EndProject
Project("{2150E333-8FDC-42A3-9474-1A3956D46DE8}") = "5. Web", "5. Web", "{0EB51F77-E3FD-47F7-A645-1BE51C5FFCA0}"
EndProject
Project("{2150E333-8FDC-42A3-9474-1A3956D46DE8}") = "1. Domain", "1. Domain", "{DFFB3ACA-D038-4E24-BF4D-82274E781686}"
EndProject
Project("{2150E333-8FDC-42A3-9474-1A3956D46DE8}") = "2. Data Access Layer", "2. Data Access Layer", "{88BD7AFF-8202-4D47-BF14-FF7239EA0100}"
EndProject
Project("{2150E333-8FDC-42A3-9474-1A3956D46DE8}") = "3. Business Layer", "3. Business Layer", "{A265169A-9C39-4831-AAF9-3B2BCD123511}"
EndProject
Project("{2150E333-8FDC-42A3-9474-1A3956D46DE8}") = "4. Web Service", "4. Web Service", "{EBCFE4C6-ECE8-4A2C-A35B-F4A5F1DD7F9F}"
EndProject
Project("{2150E333-8FDC-42A3-9474-1A3956D46DE8}") = "1. Domain", "1. Domain", "{AB40022F-5437-431A-AC7A-CAD601F20FE9}"
EndProject
Project("{2150E333-8FDC-42A3-9474-1A3956D46DE8}") = "1. Domain", "1. Domain", "{CE83E5AB-24D5-4B7C-8799-F03209D5C331}"
EndProject
Project("{2150E333-8FDC-42A3-9474-1A3956D46DE8}") = "2. Data Access Layer", "2. Data Access Layer", "{9725A5F4-DA16-4947-8A1A-4E031C9EB237}"
EndProject
Project("{2150E333-8FDC-42A3-9474-1A3956D46DE8}") = "2. Data Access Layer", "2. Data Access Layer", "{D7AED7F3-A4DA-4F4B-A4EE-51A6EF67B3A9}"
EndProject
Project("{2150E333-8FDC-42A3-9474-1A3956D46DE8}") = "3. Business Layer", "3. Business Layer", "{0F5C1BCF-358A-4A97-A599-DAFDE95FD2F6}"
EndProject
Project("{2150E333-8FDC-42A3-9474-1A3956D46DE8}") = "4. Web Service", "4. Web Service", "{7165AC8C-81C1-459B-B466-3F1276F3F0DB}"
EndProject
Project("{2150E333-8FDC-42A3-9474-1A3956D46DE8}") = "4. Web Service", "4. Web Service", "{F8073DA4-11B7-4CE9-AB0D-D8427C23D96C}"
EndProject
Project("{2150E333-8FDC-42A3-9474-1A3956D46DE8}") = "3. Business Layer", "3. Business Layer", "{0642EE2E-1462-4D88-9D54-E7FF9BC4D54D}"
EndProject
Project("{9A19103F-16F7-4668-BE54-9A1E7A4F7556}") = "GSP.Accounts.Domain", "AccountService\GSP.Domain\GSP.Accounts.Domain.csproj", "{CE4536DC-AF6F-4AC7-BD80-AC4D2A7C0353}"
EndProject
Project("{9A19103F-16F7-4668-BE54-9A1E7A4F7556}") = "GSP.Accounts.BLL", "AccountService\GSP.BLL\GSP.Accounts.BLL.csproj", "{F09ABDA1-5938-42C9-A107-B53F181A8B2C}"
EndProject
Project("{9A19103F-16F7-4668-BE54-9A1E7A4F7556}") = "GSP.Accounts.DAL", "AccountService\GSP.DAL\GSP.Accounts.DAL.csproj", "{10A12E93-676E-4034-BE30-96ACB9CAAAAA}"
EndProject
Project("{9A19103F-16F7-4668-BE54-9A1E7A4F7556}") = "GSP.Games.Domain", "GameService\GSP.Domain\GSP.Games.Domain.csproj", "{428CDAAA-DF8C-45CF-B3E9-4A3A5031EB40}"
EndProject
Project("{9A19103F-16F7-4668-BE54-9A1E7A4F7556}") = "GSP.Games.DAL", "GameService\GSP.DAL\GSP.Games.DAL.csproj", "{31B5EF6E-B01A-4BE3-9B75-89DE6825EE2D}"
EndProject
Project("{9A19103F-16F7-4668-BE54-9A1E7A4F7556}") = "GSP.Games.BLL", "GameService\GSP.BLL\GSP.Games.BLL.csproj", "{507CD341-DF43-4579-A6F2-E60F23AEFC67}"
EndProject
Project("{9A19103F-16F7-4668-BE54-9A1E7A4F7556}") = "GSP.Orders.Domain", "OrderService\GSP.Domain\GSP.Orders.Domain.csproj", "{C8CE164B-698B-4428-BA39-845B9C266562}"
EndProject
Project("{9A19103F-16F7-4668-BE54-9A1E7A4F7556}") = "GSP.Orders.DAL", "OrderService\GSP.DAL\GSP.Orders.DAL.csproj", "{E9EA3861-5D22-43ED-BC91-2092576E8C54}"
EndProject
Project("{9A19103F-16F7-4668-BE54-9A1E7A4F7556}") = "GSP.Orders.BLL", "OrderService\GSP.BLL\GSP.Orders.BLL.csproj", "{6969FE0E-8D1A-4867-B12B-7B4BD6E82F48}"
EndProject
Project("{9A19103F-16F7-4668-BE54-9A1E7A4F7556}") = "GSP.Accounts.WebService", "AccountService\GSP.Account.WebService\GSP.Accounts.WebService.csproj", "{557A3580-EABC-4441-BBD6-D141564248BC}"
EndProject
Project("{9A19103F-16F7-4668-BE54-9A1E7A4F7556}") = "GSP.Games.WebService", "GameService\GSP.Game.WebService\GSP.Games.WebService.csproj", "{8FC6115B-2916-4ABA-B399-B5FACC7FFC59}"
EndProject
Project("{9A19103F-16F7-4668-BE54-9A1E7A4F7556}") = "GSP.Orders.WebService", "OrderService\GSP.Order.WebService\GSP.Orders.WebService.csproj", "{8925ED54-2A15-4A66-A8A4-A665E7325FCE}"
EndProject
Project("{9A19103F-16F7-4668-BE54-9A1E7A4F7556}") = "GSP.SPA", "WebClient\GSP.SPA\GSP.SPA.csproj", "{348D9991-4D83-426E-8D6A-0614452B74DD}"
EndProject
Project("{9A19103F-16F7-4668-BE54-9A1E7A4F7556}") = "GSP.Common.Web", "Common\GSP.Common.Web\GSP.Common.Web.csproj", "{57C6A5F6-6F4F-4FDF-A574-532FDD1EA284}"
EndProject
Project("{9A19103F-16F7-4668-BE54-9A1E7A4F7556}") = "GSP.AprioriAlgoritm", "Extenctions\GSP.AprioriAlgoritm\GSP.AprioriAlgoritm.csproj", "{F5CB312F-E08F-4705-861A-5496241994BB}"
EndProject
Project("{9A19103F-16F7-4668-BE54-9A1E7A4F7556}") = "GSP.Common.Domain", "Common\GSP.Common.Domain\GSP.Common.Domain.csproj", "{C770F478-2B15-4C3D-91B5-FC6BEECBB675}"
EndProject
Project("{9A19103F-16F7-4668-BE54-9A1E7A4F7556}") = "GSP.Common.DAL", "Common\GSP.Common.DAL\GSP.Common.DAL.csproj", "{69CC5386-480D-493E-87BC-9835619BCA9B}"
EndProject
Project("{9A19103F-16F7-4668-BE54-9A1E7A4F7556}") = "GSP.Common.BLL", "Common\GSP.Common.BLL\GSP.Common.BLL.csproj", "{5C27098D-4028-4573-93DB-AB5639AB6CAA}"
EndProject
Project("{2150E333-8FDC-42A3-9474-1A3956D46DE8}") = "1. Domain", "1. Domain", "{1F2A366C-A4F2-4882-A167-D4F94584E9F0}"
EndProject
Project("{2150E333-8FDC-42A3-9474-1A3956D46DE8}") = "2. Data Access Layer", "2. Data Access Layer", "{A432B2C8-EC5B-4C83-9DB0-069BCD0B9815}"
EndProject
Project("{2150E333-8FDC-42A3-9474-1A3956D46DE8}") = "3. Business Layer", "3. Business Layer", "{52ACAF04-1CF7-4530-BC96-4802D35B7A68}"
EndProject
Project("{2150E333-8FDC-42A3-9474-1A3956D46DE8}") = "4. Web", "4. Web", "{C5256C58-9052-4857-9A35-BF1540B75D9B}"
EndProject
Global
	GlobalSection(SolutionConfigurationPlatforms) = preSolution
		Debug|Any CPU = Debug|Any CPU
		Release|Any CPU = Release|Any CPU
	EndGlobalSection
	GlobalSection(ProjectConfigurationPlatforms) = postSolution
		{CE4536DC-AF6F-4AC7-BD80-AC4D2A7C0353}.Debug|Any CPU.ActiveCfg = Debug|Any CPU
		{CE4536DC-AF6F-4AC7-BD80-AC4D2A7C0353}.Debug|Any CPU.Build.0 = Debug|Any CPU
		{CE4536DC-AF6F-4AC7-BD80-AC4D2A7C0353}.Release|Any CPU.ActiveCfg = Release|Any CPU
		{CE4536DC-AF6F-4AC7-BD80-AC4D2A7C0353}.Release|Any CPU.Build.0 = Release|Any CPU
		{F09ABDA1-5938-42C9-A107-B53F181A8B2C}.Debug|Any CPU.ActiveCfg = Debug|Any CPU
		{F09ABDA1-5938-42C9-A107-B53F181A8B2C}.Debug|Any CPU.Build.0 = Debug|Any CPU
		{F09ABDA1-5938-42C9-A107-B53F181A8B2C}.Release|Any CPU.ActiveCfg = Release|Any CPU
		{F09ABDA1-5938-42C9-A107-B53F181A8B2C}.Release|Any CPU.Build.0 = Release|Any CPU
		{10A12E93-676E-4034-BE30-96ACB9CAAAAA}.Debug|Any CPU.ActiveCfg = Debug|Any CPU
		{10A12E93-676E-4034-BE30-96ACB9CAAAAA}.Debug|Any CPU.Build.0 = Debug|Any CPU
		{10A12E93-676E-4034-BE30-96ACB9CAAAAA}.Release|Any CPU.ActiveCfg = Release|Any CPU
		{10A12E93-676E-4034-BE30-96ACB9CAAAAA}.Release|Any CPU.Build.0 = Release|Any CPU
		{428CDAAA-DF8C-45CF-B3E9-4A3A5031EB40}.Debug|Any CPU.ActiveCfg = Debug|Any CPU
		{428CDAAA-DF8C-45CF-B3E9-4A3A5031EB40}.Debug|Any CPU.Build.0 = Debug|Any CPU
		{428CDAAA-DF8C-45CF-B3E9-4A3A5031EB40}.Release|Any CPU.ActiveCfg = Release|Any CPU
		{428CDAAA-DF8C-45CF-B3E9-4A3A5031EB40}.Release|Any CPU.Build.0 = Release|Any CPU
		{31B5EF6E-B01A-4BE3-9B75-89DE6825EE2D}.Debug|Any CPU.ActiveCfg = Debug|Any CPU
		{31B5EF6E-B01A-4BE3-9B75-89DE6825EE2D}.Debug|Any CPU.Build.0 = Debug|Any CPU
		{31B5EF6E-B01A-4BE3-9B75-89DE6825EE2D}.Release|Any CPU.ActiveCfg = Release|Any CPU
		{31B5EF6E-B01A-4BE3-9B75-89DE6825EE2D}.Release|Any CPU.Build.0 = Release|Any CPU
		{507CD341-DF43-4579-A6F2-E60F23AEFC67}.Debug|Any CPU.ActiveCfg = Debug|Any CPU
		{507CD341-DF43-4579-A6F2-E60F23AEFC67}.Debug|Any CPU.Build.0 = Debug|Any CPU
		{507CD341-DF43-4579-A6F2-E60F23AEFC67}.Release|Any CPU.ActiveCfg = Release|Any CPU
		{507CD341-DF43-4579-A6F2-E60F23AEFC67}.Release|Any CPU.Build.0 = Release|Any CPU
		{C8CE164B-698B-4428-BA39-845B9C266562}.Debug|Any CPU.ActiveCfg = Debug|Any CPU
		{C8CE164B-698B-4428-BA39-845B9C266562}.Debug|Any CPU.Build.0 = Debug|Any CPU
		{C8CE164B-698B-4428-BA39-845B9C266562}.Release|Any CPU.ActiveCfg = Release|Any CPU
		{C8CE164B-698B-4428-BA39-845B9C266562}.Release|Any CPU.Build.0 = Release|Any CPU
		{E9EA3861-5D22-43ED-BC91-2092576E8C54}.Debug|Any CPU.ActiveCfg = Debug|Any CPU
		{E9EA3861-5D22-43ED-BC91-2092576E8C54}.Debug|Any CPU.Build.0 = Debug|Any CPU
		{E9EA3861-5D22-43ED-BC91-2092576E8C54}.Release|Any CPU.ActiveCfg = Release|Any CPU
		{E9EA3861-5D22-43ED-BC91-2092576E8C54}.Release|Any CPU.Build.0 = Release|Any CPU
		{6969FE0E-8D1A-4867-B12B-7B4BD6E82F48}.Debug|Any CPU.ActiveCfg = Debug|Any CPU
		{6969FE0E-8D1A-4867-B12B-7B4BD6E82F48}.Debug|Any CPU.Build.0 = Debug|Any CPU
		{6969FE0E-8D1A-4867-B12B-7B4BD6E82F48}.Release|Any CPU.ActiveCfg = Release|Any CPU
		{6969FE0E-8D1A-4867-B12B-7B4BD6E82F48}.Release|Any CPU.Build.0 = Release|Any CPU
		{557A3580-EABC-4441-BBD6-D141564248BC}.Debug|Any CPU.ActiveCfg = Debug|Any CPU
		{557A3580-EABC-4441-BBD6-D141564248BC}.Debug|Any CPU.Build.0 = Debug|Any CPU
		{557A3580-EABC-4441-BBD6-D141564248BC}.Release|Any CPU.ActiveCfg = Release|Any CPU
		{557A3580-EABC-4441-BBD6-D141564248BC}.Release|Any CPU.Build.0 = Release|Any CPU
		{8FC6115B-2916-4ABA-B399-B5FACC7FFC59}.Debug|Any CPU.ActiveCfg = Debug|Any CPU
		{8FC6115B-2916-4ABA-B399-B5FACC7FFC59}.Debug|Any CPU.Build.0 = Debug|Any CPU
		{8FC6115B-2916-4ABA-B399-B5FACC7FFC59}.Release|Any CPU.ActiveCfg = Release|Any CPU
		{8FC6115B-2916-4ABA-B399-B5FACC7FFC59}.Release|Any CPU.Build.0 = Release|Any CPU
		{8925ED54-2A15-4A66-A8A4-A665E7325FCE}.Debug|Any CPU.ActiveCfg = Debug|Any CPU
		{8925ED54-2A15-4A66-A8A4-A665E7325FCE}.Debug|Any CPU.Build.0 = Debug|Any CPU
		{8925ED54-2A15-4A66-A8A4-A665E7325FCE}.Release|Any CPU.ActiveCfg = Release|Any CPU
		{8925ED54-2A15-4A66-A8A4-A665E7325FCE}.Release|Any CPU.Build.0 = Release|Any CPU
		{348D9991-4D83-426E-8D6A-0614452B74DD}.Debug|Any CPU.ActiveCfg = Debug|Any CPU
		{348D9991-4D83-426E-8D6A-0614452B74DD}.Debug|Any CPU.Build.0 = Debug|Any CPU
		{348D9991-4D83-426E-8D6A-0614452B74DD}.Release|Any CPU.ActiveCfg = Release|Any CPU
		{348D9991-4D83-426E-8D6A-0614452B74DD}.Release|Any CPU.Build.0 = Release|Any CPU
		{57C6A5F6-6F4F-4FDF-A574-532FDD1EA284}.Debug|Any CPU.ActiveCfg = Debug|Any CPU
		{57C6A5F6-6F4F-4FDF-A574-532FDD1EA284}.Debug|Any CPU.Build.0 = Debug|Any CPU
		{57C6A5F6-6F4F-4FDF-A574-532FDD1EA284}.Release|Any CPU.ActiveCfg = Release|Any CPU
		{57C6A5F6-6F4F-4FDF-A574-532FDD1EA284}.Release|Any CPU.Build.0 = Release|Any CPU
		{F5CB312F-E08F-4705-861A-5496241994BB}.Debug|Any CPU.ActiveCfg = Debug|Any CPU
		{F5CB312F-E08F-4705-861A-5496241994BB}.Debug|Any CPU.Build.0 = Debug|Any CPU
		{F5CB312F-E08F-4705-861A-5496241994BB}.Release|Any CPU.ActiveCfg = Release|Any CPU
		{F5CB312F-E08F-4705-861A-5496241994BB}.Release|Any CPU.Build.0 = Release|Any CPU
		{C770F478-2B15-4C3D-91B5-FC6BEECBB675}.Debug|Any CPU.ActiveCfg = Debug|Any CPU
		{C770F478-2B15-4C3D-91B5-FC6BEECBB675}.Debug|Any CPU.Build.0 = Debug|Any CPU
		{C770F478-2B15-4C3D-91B5-FC6BEECBB675}.Release|Any CPU.ActiveCfg = Release|Any CPU
		{C770F478-2B15-4C3D-91B5-FC6BEECBB675}.Release|Any CPU.Build.0 = Release|Any CPU
		{69CC5386-480D-493E-87BC-9835619BCA9B}.Debug|Any CPU.ActiveCfg = Debug|Any CPU
		{69CC5386-480D-493E-87BC-9835619BCA9B}.Debug|Any CPU.Build.0 = Debug|Any CPU
		{69CC5386-480D-493E-87BC-9835619BCA9B}.Release|Any CPU.ActiveCfg = Release|Any CPU
		{69CC5386-480D-493E-87BC-9835619BCA9B}.Release|Any CPU.Build.0 = Release|Any CPU
		{5C27098D-4028-4573-93DB-AB5639AB6CAA}.Debug|Any CPU.ActiveCfg = Debug|Any CPU
		{5C27098D-4028-4573-93DB-AB5639AB6CAA}.Debug|Any CPU.Build.0 = Debug|Any CPU
		{5C27098D-4028-4573-93DB-AB5639AB6CAA}.Release|Any CPU.ActiveCfg = Release|Any CPU
		{5C27098D-4028-4573-93DB-AB5639AB6CAA}.Release|Any CPU.Build.0 = Release|Any CPU
	EndGlobalSection
	GlobalSection(SolutionProperties) = preSolution
		HideSolutionNode = FALSE
	EndGlobalSection
	GlobalSection(NestedProjects) = preSolution
		{DFFB3ACA-D038-4E24-BF4D-82274E781686} = {0E0A65F5-DF5C-403E-964E-BBDA182CD2D6}
		{88BD7AFF-8202-4D47-BF14-FF7239EA0100} = {0E0A65F5-DF5C-403E-964E-BBDA182CD2D6}
		{A265169A-9C39-4831-AAF9-3B2BCD123511} = {0E0A65F5-DF5C-403E-964E-BBDA182CD2D6}
		{EBCFE4C6-ECE8-4A2C-A35B-F4A5F1DD7F9F} = {0E0A65F5-DF5C-403E-964E-BBDA182CD2D6}
		{AB40022F-5437-431A-AC7A-CAD601F20FE9} = {DB087358-1E7C-41C5-8805-7204D8FAC132}
		{CE83E5AB-24D5-4B7C-8799-F03209D5C331} = {61CD8A7F-2D29-4944-B9BD-ACC32ED7DB5F}
		{9725A5F4-DA16-4947-8A1A-4E031C9EB237} = {DB087358-1E7C-41C5-8805-7204D8FAC132}
		{D7AED7F3-A4DA-4F4B-A4EE-51A6EF67B3A9} = {61CD8A7F-2D29-4944-B9BD-ACC32ED7DB5F}
		{0F5C1BCF-358A-4A97-A599-DAFDE95FD2F6} = {DB087358-1E7C-41C5-8805-7204D8FAC132}
		{7165AC8C-81C1-459B-B466-3F1276F3F0DB} = {DB087358-1E7C-41C5-8805-7204D8FAC132}
		{F8073DA4-11B7-4CE9-AB0D-D8427C23D96C} = {61CD8A7F-2D29-4944-B9BD-ACC32ED7DB5F}
		{0642EE2E-1462-4D88-9D54-E7FF9BC4D54D} = {61CD8A7F-2D29-4944-B9BD-ACC32ED7DB5F}
		{CE4536DC-AF6F-4AC7-BD80-AC4D2A7C0353} = {AB40022F-5437-431A-AC7A-CAD601F20FE9}
		{F09ABDA1-5938-42C9-A107-B53F181A8B2C} = {0F5C1BCF-358A-4A97-A599-DAFDE95FD2F6}
		{10A12E93-676E-4034-BE30-96ACB9CAAAAA} = {9725A5F4-DA16-4947-8A1A-4E031C9EB237}
		{428CDAAA-DF8C-45CF-B3E9-4A3A5031EB40} = {DFFB3ACA-D038-4E24-BF4D-82274E781686}
		{31B5EF6E-B01A-4BE3-9B75-89DE6825EE2D} = {88BD7AFF-8202-4D47-BF14-FF7239EA0100}
		{507CD341-DF43-4579-A6F2-E60F23AEFC67} = {A265169A-9C39-4831-AAF9-3B2BCD123511}
		{C8CE164B-698B-4428-BA39-845B9C266562} = {CE83E5AB-24D5-4B7C-8799-F03209D5C331}
		{E9EA3861-5D22-43ED-BC91-2092576E8C54} = {D7AED7F3-A4DA-4F4B-A4EE-51A6EF67B3A9}
		{6969FE0E-8D1A-4867-B12B-7B4BD6E82F48} = {0642EE2E-1462-4D88-9D54-E7FF9BC4D54D}
		{557A3580-EABC-4441-BBD6-D141564248BC} = {7165AC8C-81C1-459B-B466-3F1276F3F0DB}
		{8FC6115B-2916-4ABA-B399-B5FACC7FFC59} = {EBCFE4C6-ECE8-4A2C-A35B-F4A5F1DD7F9F}
		{8925ED54-2A15-4A66-A8A4-A665E7325FCE} = {F8073DA4-11B7-4CE9-AB0D-D8427C23D96C}
		{348D9991-4D83-426E-8D6A-0614452B74DD} = {0EB51F77-E3FD-47F7-A645-1BE51C5FFCA0}
		{57C6A5F6-6F4F-4FDF-A574-532FDD1EA284} = {C5256C58-9052-4857-9A35-BF1540B75D9B}
		{F5CB312F-E08F-4705-861A-5496241994BB} = {1EF5AB92-589E-4807-BC62-228FAF6FA6F3}
		{C770F478-2B15-4C3D-91B5-FC6BEECBB675} = {1F2A366C-A4F2-4882-A167-D4F94584E9F0}
		{69CC5386-480D-493E-87BC-9835619BCA9B} = {A432B2C8-EC5B-4C83-9DB0-069BCD0B9815}
		{5C27098D-4028-4573-93DB-AB5639AB6CAA} = {52ACAF04-1CF7-4530-BC96-4802D35B7A68}
		{1F2A366C-A4F2-4882-A167-D4F94584E9F0} = {C9949E16-96C4-4D98-AC4C-9E798231A3A0}
		{A432B2C8-EC5B-4C83-9DB0-069BCD0B9815} = {C9949E16-96C4-4D98-AC4C-9E798231A3A0}
		{52ACAF04-1CF7-4530-BC96-4802D35B7A68} = {C9949E16-96C4-4D98-AC4C-9E798231A3A0}
		{C5256C58-9052-4857-9A35-BF1540B75D9B} = {C9949E16-96C4-4D98-AC4C-9E798231A3A0}
	EndGlobalSection
	GlobalSection(ExtensibilityGlobals) = postSolution
		SolutionGuid = {22EA57CB-5466-4A6E-9A7C-034A6F5E5476}
	EndGlobalSection
EndGlobal
